// !$*UTF8*$!
{
	archiveVersion = 1;
	classes = {
	};
	objectVersion = 50;
	objects = {

/* Begin PBXBuildFile section */
		550E3E0C2343A1C900CED1CB /* AppDelegate.swift in Sources */ = {isa = PBXBuildFile; fileRef = 550E3E0B2343A1C900CED1CB /* AppDelegate.swift */; };
		550E3E0E2343A1C900CED1CB /* ViewController.swift in Sources */ = {isa = PBXBuildFile; fileRef = 550E3E0D2343A1C900CED1CB /* ViewController.swift */; };
		550E3E112343A1C900CED1CB /* Main.storyboard in Resources */ = {isa = PBXBuildFile; fileRef = 550E3E0F2343A1C900CED1CB /* Main.storyboard */; };
		550E3E132343A1CB00CED1CB /* Assets.xcassets in Resources */ = {isa = PBXBuildFile; fileRef = 550E3E122343A1CB00CED1CB /* Assets.xcassets */; };
		550E3E162343A1CB00CED1CB /* LaunchScreen.storyboard in Resources */ = {isa = PBXBuildFile; fileRef = 550E3E142343A1CB00CED1CB /* LaunchScreen.storyboard */; };
		550E3E212343A1CB00CED1CB /* PersistenceLabTests.swift in Sources */ = {isa = PBXBuildFile; fileRef = 550E3E202343A1CB00CED1CB /* PersistenceLabTests.swift */; };
		550E3E2C2343A1CB00CED1CB /* PersistenceLabUITests.swift in Sources */ = {isa = PBXBuildFile; fileRef = 550E3E2B2343A1CB00CED1CB /* PersistenceLabUITests.swift */; };
/* End PBXBuildFile section */

/* Begin PBXContainerItemProxy section */
		550E3E1D2343A1CB00CED1CB /* PBXContainerItemProxy */ = {
			isa = PBXContainerItemProxy;
			containerPortal = 550E3E002343A1C900CED1CB /* Project object */;
			proxyType = 1;
			remoteGlobalIDString = 550E3E072343A1C900CED1CB;
			remoteInfo = PersistenceLab;
		};
		550E3E282343A1CB00CED1CB /* PBXContainerItemProxy */ = {
			isa = PBXContainerItemProxy;
			containerPortal = 550E3E002343A1C900CED1CB /* Project object */;
			proxyType = 1;
			remoteGlobalIDString = 550E3E072343A1C900CED1CB;
			remoteInfo = PersistenceLab;
		};
/* End PBXContainerItemProxy section */

/* Begin PBXFileReference section */
		550E3E082343A1C900CED1CB /* PersistenceLab.app */ = {isa = PBXFileReference; explicitFileType = wrapper.application; includeInIndex = 0; path = PersistenceLab.app; sourceTree = BUILT_PRODUCTS_DIR; };
		550E3E0B2343A1C900CED1CB /* AppDelegate.swift */ = {isa = PBXFileReference; lastKnownFileType = sourcecode.swift; path = AppDelegate.swift; sourceTree = "<group>"; };
		550E3E0D2343A1C900CED1CB /* ViewController.swift */ = {isa = PBXFileReference; lastKnownFileType = sourcecode.swift; path = ViewController.swift; sourceTree = "<group>"; };
		550E3E102343A1C900CED1CB /* Base */ = {isa = PBXFileReference; lastKnownFileType = file.storyboard; name = Base; path = Base.lproj/Main.storyboard; sourceTree = "<group>"; };
		550E3E122343A1CB00CED1CB /* Assets.xcassets */ = {isa = PBXFileReference; lastKnownFileType = folder.assetcatalog; path = Assets.xcassets; sourceTree = "<group>"; };
		550E3E152343A1CB00CED1CB /* Base */ = {isa = PBXFileReference; lastKnownFileType = file.storyboard; name = Base; path = Base.lproj/LaunchScreen.storyboard; sourceTree = "<group>"; };
		550E3E172343A1CB00CED1CB /* Info.plist */ = {isa = PBXFileReference; lastKnownFileType = text.plist.xml; path = Info.plist; sourceTree = "<group>"; };
		550E3E1C2343A1CB00CED1CB /* PersistenceLabTests.xctest */ = {isa = PBXFileReference; explicitFileType = wrapper.cfbundle; includeInIndex = 0; path = PersistenceLabTests.xctest; sourceTree = BUILT_PRODUCTS_DIR; };
		550E3E202343A1CB00CED1CB /* PersistenceLabTests.swift */ = {isa = PBXFileReference; lastKnownFileType = sourcecode.swift; path = PersistenceLabTests.swift; sourceTree = "<group>"; };
		550E3E222343A1CB00CED1CB /* Info.plist */ = {isa = PBXFileReference; lastKnownFileType = text.plist.xml; path = Info.plist; sourceTree = "<group>"; };
		550E3E272343A1CB00CED1CB /* PersistenceLabUITests.xctest */ = {isa = PBXFileReference; explicitFileType = wrapper.cfbundle; includeInIndex = 0; path = PersistenceLabUITests.xctest; sourceTree = BUILT_PRODUCTS_DIR; };
		550E3E2B2343A1CB00CED1CB /* PersistenceLabUITests.swift */ = {isa = PBXFileReference; lastKnownFileType = sourcecode.swift; path = PersistenceLabUITests.swift; sourceTree = "<group>"; };
		550E3E2D2343A1CB00CED1CB /* Info.plist */ = {isa = PBXFileReference; lastKnownFileType = text.plist.xml; path = Info.plist; sourceTree = "<group>"; };
/* End PBXFileReference section */

/* Begin PBXFrameworksBuildPhase section */
		550E3E052343A1C900CED1CB /* Frameworks */ = {
			isa = PBXFrameworksBuildPhase;
			buildActionMask = 2147483647;
			files = (
			);
			runOnlyForDeploymentPostprocessing = 0;
		};
		550E3E192343A1CB00CED1CB /* Frameworks */ = {
			isa = PBXFrameworksBuildPhase;
			buildActionMask = 2147483647;
			files = (
			);
			runOnlyForDeploymentPostprocessing = 0;
		};
		550E3E242343A1CB00CED1CB /* Frameworks */ = {
			isa = PBXFrameworksBuildPhase;
			buildActionMask = 2147483647;
			files = (
			);
			runOnlyForDeploymentPostprocessing = 0;
		};
/* End PBXFrameworksBuildPhase section */

/* Begin PBXGroup section */
		550E3DFF2343A1C900CED1CB = {
			isa = PBXGroup;
			children = (
				550E3E0A2343A1C900CED1CB /* PersistenceLab */,
				550E3E1F2343A1CB00CED1CB /* PersistenceLabTests */,
				550E3E2A2343A1CB00CED1CB /* PersistenceLabUITests */,
				550E3E092343A1C900CED1CB /* Products */,
			);
			sourceTree = "<group>";
		};
		550E3E092343A1C900CED1CB /* Products */ = {
			isa = PBXGroup;
			children = (
				550E3E082343A1C900CED1CB /* PersistenceLab.app */,
				550E3E1C2343A1CB00CED1CB /* PersistenceLabTests.xctest */,
				550E3E272343A1CB00CED1CB /* PersistenceLabUITests.xctest */,
			);
			name = Products;
			sourceTree = "<group>";
		};
		550E3E0A2343A1C900CED1CB /* PersistenceLab */ = {
			isa = PBXGroup;
			children = (
				550E3E0B2343A1C900CED1CB /* AppDelegate.swift */,
				550E3E0D2343A1C900CED1CB /* ViewController.swift */,
				550E3E0F2343A1C900CED1CB /* Main.storyboard */,
				550E3E122343A1CB00CED1CB /* Assets.xcassets */,
				550E3E142343A1CB00CED1CB /* LaunchScreen.storyboard */,
				550E3E172343A1CB00CED1CB /* Info.plist */,
			);
			path = PersistenceLab;
			sourceTree = "<group>";
		};
		550E3E1F2343A1CB00CED1CB /* PersistenceLabTests */ = {
			isa = PBXGroup;
			children = (
				550E3E202343A1CB00CED1CB /* PersistenceLabTests.swift */,
				550E3E222343A1CB00CED1CB /* Info.plist */,
			);
			path = PersistenceLabTests;
			sourceTree = "<group>";
		};
		550E3E2A2343A1CB00CED1CB /* PersistenceLabUITests */ = {
			isa = PBXGroup;
			children = (
				550E3E2B2343A1CB00CED1CB /* PersistenceLabUITests.swift */,
				550E3E2D2343A1CB00CED1CB /* Info.plist */,
			);
			path = PersistenceLabUITests;
			sourceTree = "<group>";
		};
/* End PBXGroup section */

/* Begin PBXNativeTarget section */
		550E3E072343A1C900CED1CB /* PersistenceLab */ = {
			isa = PBXNativeTarget;
			buildConfigurationList = 550E3E302343A1CB00CED1CB /* Build configuration list for PBXNativeTarget "PersistenceLab" */;
			buildPhases = (
				550E3E042343A1C900CED1CB /* Sources */,
				550E3E052343A1C900CED1CB /* Frameworks */,
				550E3E062343A1C900CED1CB /* Resources */,
			);
			buildRules = (
			);
			dependencies = (
			);
			name = PersistenceLab;
			productName = PersistenceLab;
			productReference = 550E3E082343A1C900CED1CB /* PersistenceLab.app */;
			productType = "com.apple.product-type.application";
		};
		550E3E1B2343A1CB00CED1CB /* PersistenceLabTests */ = {
			isa = PBXNativeTarget;
			buildConfigurationList = 550E3E332343A1CB00CED1CB /* Build configuration list for PBXNativeTarget "PersistenceLabTests" */;
			buildPhases = (
				550E3E182343A1CB00CED1CB /* Sources */,
				550E3E192343A1CB00CED1CB /* Frameworks */,
				550E3E1A2343A1CB00CED1CB /* Resources */,
			);
			buildRules = (
			);
			dependencies = (
				550E3E1E2343A1CB00CED1CB /* PBXTargetDependency */,
			);
			name = PersistenceLabTests;
			productName = PersistenceLabTests;
			productReference = 550E3E1C2343A1CB00CED1CB /* PersistenceLabTests.xctest */;
			productType = "com.apple.product-type.bundle.unit-test";
		};
		550E3E262343A1CB00CED1CB /* PersistenceLabUITests */ = {
			isa = PBXNativeTarget;
			buildConfigurationList = 550E3E362343A1CB00CED1CB /* Build configuration list for PBXNativeTarget "PersistenceLabUITests" */;
			buildPhases = (
				550E3E232343A1CB00CED1CB /* Sources */,
				550E3E242343A1CB00CED1CB /* Frameworks */,
				550E3E252343A1CB00CED1CB /* Resources */,
			);
			buildRules = (
			);
			dependencies = (
				550E3E292343A1CB00CED1CB /* PBXTargetDependency */,
			);
			name = PersistenceLabUITests;
			productName = PersistenceLabUITests;
			productReference = 550E3E272343A1CB00CED1CB /* PersistenceLabUITests.xctest */;
			productType = "com.apple.product-type.bundle.ui-testing";
		};
/* End PBXNativeTarget section */

/* Begin PBXProject section */
		550E3E002343A1C900CED1CB /* Project object */ = {
			isa = PBXProject;
			attributes = {
				LastSwiftUpdateCheck = 1030;
				LastUpgradeCheck = 1030;
				ORGANIZATIONNAME = "Neema Philippe";
				TargetAttributes = {
					550E3E072343A1C900CED1CB = {
						CreatedOnToolsVersion = 10.3;
					};
					550E3E1B2343A1CB00CED1CB = {
						CreatedOnToolsVersion = 10.3;
						TestTargetID = 550E3E072343A1C900CED1CB;
					};
					550E3E262343A1CB00CED1CB = {
						CreatedOnToolsVersion = 10.3;
						TestTargetID = 550E3E072343A1C900CED1CB;
					};
				};
			};
			buildConfigurationList = 550E3E032343A1C900CED1CB /* Build configuration list for PBXProject "PersistenceLab" */;
			compatibilityVersion = "Xcode 9.3";
			developmentRegion = en;
			hasScannedForEncodings = 0;
			knownRegions = (
				en,
				Base,
			);
			mainGroup = 550E3DFF2343A1C900CED1CB;
			productRefGroup = 550E3E092343A1C900CED1CB /* Products */;
			projectDirPath = "";
			projectRoot = "";
			targets = (
				550E3E072343A1C900CED1CB /* PersistenceLab */,
				550E3E1B2343A1CB00CED1CB /* PersistenceLabTests */,
				550E3E262343A1CB00CED1CB /* PersistenceLabUITests */,
			);
		};
/* End PBXProject section */

/* Begin PBXResourcesBuildPhase section */
		550E3E062343A1C900CED1CB /* Resources */ = {
			isa = PBXResourcesBuildPhase;
			buildActionMask = 2147483647;
			files = (
				550E3E162343A1CB00CED1CB /* LaunchScreen.storyboard in Resources */,
				550E3E132343A1CB00CED1CB /* Assets.xcassets in Resources */,
				550E3E112343A1C900CED1CB /* Main.storyboard in Resources */,
			);
			runOnlyForDeploymentPostprocessing = 0;
		};
		550E3E1A2343A1CB00CED1CB /* Resources */ = {
			isa = PBXResourcesBuildPhase;
			buildActionMask = 2147483647;
			files = (
			);
			runOnlyForDeploymentPostprocessing = 0;
		};
		550E3E252343A1CB00CED1CB /* Resources */ = {
			isa = PBXResourcesBuildPhase;
			buildActionMask = 2147483647;
			files = (
			);
			runOnlyForDeploymentPostprocessing = 0;
		};
/* End PBXResourcesBuildPhase section */

/* Begin PBXSourcesBuildPhase section */
		550E3E042343A1C900CED1CB /* Sources */ = {
			isa = PBXSourcesBuildPhase;
			buildActionMask = 2147483647;
			files = (
				550E3E0E2343A1C900CED1CB /* ViewController.swift in Sources */,
				550E3E0C2343A1C900CED1CB /* AppDelegate.swift in Sources */,
			);
			runOnlyForDeploymentPostprocessing = 0;
		};
		550E3E182343A1CB00CED1CB /* Sources */ = {
			isa = PBXSourcesBuildPhase;
			buildActionMask = 2147483647;
			files = (
				550E3E212343A1CB00CED1CB /* PersistenceLabTests.swift in Sources */,
			);
			runOnlyForDeploymentPostprocessing = 0;
		};
		550E3E232343A1CB00CED1CB /* Sources */ = {
			isa = PBXSourcesBuildPhase;
			buildActionMask = 2147483647;
			files = (
				550E3E2C2343A1CB00CED1CB /* PersistenceLabUITests.swift in Sources */,
			);
			runOnlyForDeploymentPostprocessing = 0;
		};
/* End PBXSourcesBuildPhase section */

/* Begin PBXTargetDependency section */
		550E3E1E2343A1CB00CED1CB /* PBXTargetDependency */ = {
			isa = PBXTargetDependency;
			target = 550E3E072343A1C900CED1CB /* PersistenceLab */;
			targetProxy = 550E3E1D2343A1CB00CED1CB /* PBXContainerItemProxy */;
		};
		550E3E292343A1CB00CED1CB /* PBXTargetDependency */ = {
			isa = PBXTargetDependency;
			target = 550E3E072343A1C900CED1CB /* PersistenceLab */;
			targetProxy = 550E3E282343A1CB00CED1CB /* PBXContainerItemProxy */;
		};
/* End PBXTargetDependency section */

/* Begin PBXVariantGroup section */
		550E3E0F2343A1C900CED1CB /* Main.storyboard */ = {
			isa = PBXVariantGroup;
			children = (
				550E3E102343A1C900CED1CB /* Base */,
			);
			name = Main.storyboard;
			sourceTree = "<group>";
		};
		550E3E142343A1CB00CED1CB /* LaunchScreen.storyboard */ = {
			isa = PBXVariantGroup;
			children = (
				550E3E152343A1CB00CED1CB /* Base */,
			);
			name = LaunchScreen.storyboard;
			sourceTree = "<group>";
		};
/* End PBXVariantGroup section */

/* Begin XCBuildConfiguration section */
		550E3E2E2343A1CB00CED1CB /* Debug */ = {
			isa = XCBuildConfiguration;
			buildSettings = {
				ALWAYS_SEARCH_USER_PATHS = NO;
				CLANG_ANALYZER_NONNULL = YES;
				CLANG_ANALYZER_NUMBER_OBJECT_CONVERSION = YES_AGGRESSIVE;
				CLANG_CXX_LANGUAGE_STANDARD = "gnu++14";
				CLANG_CXX_LIBRARY = "libc++";
				CLANG_ENABLE_MODULES = YES;
				CLANG_ENABLE_OBJC_ARC = YES;
				CLANG_ENABLE_OBJC_WEAK = YES;
				CLANG_WARN_BLOCK_CAPTURE_AUTORELEASING = YES;
				CLANG_WARN_BOOL_CONVERSION = YES;
				CLANG_WARN_COMMA = YES;
				CLANG_WARN_CONSTANT_CONVERSION = YES;
				CLANG_WARN_DEPRECATED_OBJC_IMPLEMENTATIONS = YES;
				CLANG_WARN_DIRECT_OBJC_ISA_USAGE = YES_ERROR;
				CLANG_WARN_DOCUMENTATION_COMMENTS = YES;
				CLANG_WARN_EMPTY_BODY = YES;
				CLANG_WARN_ENUM_CONVERSION = YES;
				CLANG_WARN_INFINITE_RECURSION = YES;
				CLANG_WARN_INT_CONVERSION = YES;
				CLANG_WARN_NON_LITERAL_NULL_CONVERSION = YES;
				CLANG_WARN_OBJC_IMPLICIT_RETAIN_SELF = YES;
				CLANG_WARN_OBJC_LITERAL_CONVERSION = YES;
				CLANG_WARN_OBJC_ROOT_CLASS = YES_ERROR;
				CLANG_WARN_RANGE_LOOP_ANALYSIS = YES;
				CLANG_WARN_STRICT_PROTOTYPES = YES;
				CLANG_WARN_SUSPICIOUS_MOVE = YES;
				CLANG_WARN_UNGUARDED_AVAILABILITY = YES_AGGRESSIVE;
				CLANG_WARN_UNREACHABLE_CODE = YES;
				CLANG_WARN__DUPLICATE_METHOD_MATCH = YES;
				CODE_SIGN_IDENTITY = "iPhone Developer";
				COPY_PHASE_STRIP = NO;
				DEBUG_INFORMATION_FORMAT = dwarf;
				ENABLE_STRICT_OBJC_MSGSEND = YES;
				ENABLE_TESTABILITY = YES;
				GCC_C_LANGUAGE_STANDARD = gnu11;
				GCC_DYNAMIC_NO_PIC = NO;
				GCC_NO_COMMON_BLOCKS = YES;
				GCC_OPTIMIZATION_LEVEL = 0;
				GCC_PREPROCESSOR_DEFINITIONS = (
					"DEBUG=1",
					"$(inherited)",
				);
				GCC_WARN_64_TO_32_BIT_CONVERSION = YES;
				GCC_WARN_ABOUT_RETURN_TYPE = YES_ERROR;
				GCC_WARN_UNDECLARED_SELECTOR = YES;
				GCC_WARN_UNINITIALIZED_AUTOS = YES_AGGRESSIVE;
				GCC_WARN_UNUSED_FUNCTION = YES;
				GCC_WARN_UNUSED_VARIABLE = YES;
				IPHONEOS_DEPLOYMENT_TARGET = 12.4;
				MTL_ENABLE_DEBUG_INFO = INCLUDE_SOURCE;
				MTL_FAST_MATH = YES;
				ONLY_ACTIVE_ARCH = YES;
				SDKROOT = iphoneos;
				SWIFT_ACTIVE_COMPILATION_CONDITIONS = DEBUG;
				SWIFT_OPTIMIZATION_LEVEL = "-Onone";
			};
			name = Debug;
		};
		550E3E2F2343A1CB00CED1CB /* Release */ = {
			isa = XCBuildConfiguration;
			buildSettings = {
				ALWAYS_SEARCH_USER_PATHS = NO;
				CLANG_ANALYZER_NONNULL = YES;
				CLANG_ANALYZER_NUMBER_OBJECT_CONVERSION = YES_AGGRESSIVE;
				CLANG_CXX_LANGUAGE_STANDARD = "gnu++14";
				CLANG_CXX_LIBRARY = "libc++";
				CLANG_ENABLE_MODULES = YES;
				CLANG_ENABLE_OBJC_ARC = YES;
				CLANG_ENABLE_OBJC_WEAK = YES;
				CLANG_WARN_BLOCK_CAPTURE_AUTORELEASING = YES;
				CLANG_WARN_BOOL_CONVERSION = YES;
				CLANG_WARN_COMMA = YES;
				CLANG_WARN_CONSTANT_CONVERSION = YES;
				CLANG_WARN_DEPRECATED_OBJC_IMPLEMENTATIONS = YES;
				CLANG_WARN_DIRECT_OBJC_ISA_USAGE = YES_ERROR;
				CLANG_WARN_DOCUMENTATION_COMMENTS = YES;
				CLANG_WARN_EMPTY_BODY = YES;
				CLANG_WARN_ENUM_CONVERSION = YES;
				CLANG_WARN_INFINITE_RECURSION = YES;
				CLANG_WARN_INT_CONVERSION = YES;
				CLANG_WARN_NON_LITERAL_NULL_CONVERSION = YES;
				CLANG_WARN_OBJC_IMPLICIT_RETAIN_SELF = YES;
				CLANG_WARN_OBJC_LITERAL_CONVERSION = YES;
				CLANG_WARN_OBJC_ROOT_CLASS = YES_ERROR;
				CLANG_WARN_RANGE_LOOP_ANALYSIS = YES;
				CLANG_WARN_STRICT_PROTOTYPES = YES;
				CLANG_WARN_SUSPICIOUS_MOVE = YES;
				CLANG_WARN_UNGUARDED_AVAILABILITY = YES_AGGRESSIVE;
				CLANG_WARN_UNREACHABLE_CODE = YES;
				CLANG_WARN__DUPLICATE_METHOD_MATCH = YES;
				CODE_SIGN_IDENTITY = "iPhone Developer";
				COPY_PHASE_STRIP = NO;
				DEBUG_INFORMATION_FORMAT = "dwarf-with-dsym";
				ENABLE_NS_ASSERTIONS = NO;
				ENABLE_STRICT_OBJC_MSGSEND = YES;
				GCC_C_LANGUAGE_STANDARD = gnu11;
				GCC_NO_COMMON_BLOCKS = YES;
				GCC_WARN_64_TO_32_BIT_CONVERSION = YES;
				GCC_WARN_ABOUT_RETURN_TYPE = YES_ERROR;
				GCC_WARN_UNDECLARED_SELECTOR = YES;
				GCC_WARN_UNINITIALIZED_AUTOS = YES_AGGRESSIVE;
				GCC_WARN_UNUSED_FUNCTION = YES;
				GCC_WARN_UNUSED_VARIABLE = YES;
				IPHONEOS_DEPLOYMENT_TARGET = 12.4;
				MTL_ENABLE_DEBUG_INFO = NO;
				MTL_FAST_MATH = YES;
				SDKROOT = iphoneos;
				SWIFT_COMPILATION_MODE = wholemodule;
				SWIFT_OPTIMIZATION_LEVEL = "-O";
				VALIDATE_PRODUCT = YES;
			};
			name = Release;
		};
		550E3E312343A1CB00CED1CB /* Debug */ = {
			isa = XCBuildConfiguration;
			buildSettings = {
				ASSETCATALOG_COMPILER_APPICON_NAME = AppIcon;
				CODE_SIGN_STYLE = Automatic;
				INFOPLIST_FILE = PersistenceLab/Info.plist;
				LD_RUNPATH_SEARCH_PATHS = (
					"$(inherited)",
					"@executable_path/Frameworks",
				);
				PRODUCT_BUNDLE_IDENTIFIER = Unit4.PersistenceLab;
				PRODUCT_NAME = "$(TARGET_NAME)";
				SWIFT_VERSION = 5.0;
				TARGETED_DEVICE_FAMILY = "1,2";
			};
			name = Debug;
		};
		550E3E322343A1CB00CED1CB /* Release */ = {
			isa = XCBuildConfiguration;
			buildSettings = {
				ASSETCATALOG_COMPILER_APPICON_NAME = AppIcon;
				CODE_SIGN_STYLE = Automatic;
				INFOPLIST_FILE = PersistenceLab/Info.plist;
				LD_RUNPATH_SEARCH_PATHS = (
					"$(inherited)",
					"@executable_path/Frameworks",
				);
				PRODUCT_BUNDLE_IDENTIFIER = Unit4.PersistenceLab;
				PRODUCT_NAME = "$(TARGET_NAME)";
				SWIFT_VERSION = 5.0;
				TARGETED_DEVICE_FAMILY = "1,2";
			};
			name = Release;
		};
		550E3E342343A1CB00CED1CB /* Debug */ = {
			isa = XCBuildConfiguration;
			buildSettings = {
				ALWAYS_EMBED_SWIFT_STANDARD_LIBRARIES = YES;
				BUNDLE_LOADER = "$(TEST_HOST)";
				CODE_SIGN_STYLE = Automatic;
				INFOPLIST_FILE = PersistenceLabTests/Info.plist;
				LD_RUNPATH_SEARCH_PATHS = (
					"$(inherited)",
					"@executable_path/Frameworks",
					"@loader_path/Frameworks",
				);
				PRODUCT_BUNDLE_IDENTIFIER = Unit4.PersistenceLabTests;
				PRODUCT_NAME = "$(TARGET_NAME)";
				SWIFT_VERSION = 5.0;
				TARGETED_DEVICE_FAMILY = "1,2";
				TEST_HOST = "$(BUILT_PRODUCTS_DIR)/PersistenceLab.app/PersistenceLab";
			};
			name = Debug;
		};
		550E3E352343A1CB00CED1CB /* Release */ = {
			isa = XCBuildConfiguration;
			buildSettings = {
				ALWAYS_EMBED_SWIFT_STANDARD_LIBRARIES = YES;
				BUNDLE_LOADER = "$(TEST_HOST)";
				CODE_SIGN_STYLE = Automatic;
				INFOPLIST_FILE = PersistenceLabTests/Info.plist;
				LD_RUNPATH_SEARCH_PATHS = (
					"$(inherited)",
					"@executable_path/Frameworks",
					"@loader_path/Frameworks",
				);
				PRODUCT_BUNDLE_IDENTIFIER = Unit4.PersistenceLabTests;
				PRODUCT_NAME = "$(TARGET_NAME)";
				SWIFT_VERSION = 5.0;
				TARGETED_DEVICE_FAMILY = "1,2";
				TEST_HOST = "$(BUILT_PRODUCTS_DIR)/PersistenceLab.app/PersistenceLab";
			};
			name = Release;
		};
		550E3E372343A1CB00CED1CB /* Debug */ = {
			isa = XCBuildConfiguration;
			buildSettings = {
				ALWAYS_EMBED_SWIFT_STANDARD_LIBRARIES = YES;
				CODE_SIGN_STYLE = Automatic;
				INFOPLIST_FILE = PersistenceLabUITests/Info.plist;
				LD_RUNPATH_SEARCH_PATHS = (
					"$(inherited)",
					"@executable_path/Frameworks",
					"@loader_path/Frameworks",
				);
				PRODUCT_BUNDLE_IDENTIFIER = Unit4.PersistenceLabUITests;
				PRODUCT_NAME = "$(TARGET_NAME)";
				SWIFT_VERSION = 5.0;
				TARGETED_DEVICE_FAMILY = "1,2";
				TEST_TARGET_NAME = PersistenceLab;
			};
			name = Debug;
		};
		550E3E382343A1CB00CED1CB /* Release */ = {
			isa = XCBuildConfiguration;
			buildSettings = {
				ALWAYS_EMBED_SWIFT_STANDARD_LIBRARIES = YES;
				CODE_SIGN_STYLE = Automatic;
				INFOPLIST_FILE = PersistenceLabUITests/Info.plist;
				LD_RUNPATH_SEARCH_PATHS = (
					"$(inherited)",
					"@executable_path/Frameworks",
					"@loader_path/Frameworks",
				);
				PRODUCT_BUNDLE_IDENTIFIER = Unit4.PersistenceLabUITests;
				PRODUCT_NAME = "$(TARGET_NAME)";
				SWIFT_VERSION = 5.0;
				TARGETED_DEVICE_FAMILY = "1,2";
				TEST_TARGET_NAME = PersistenceLab;
			};
			name = Release;
		};
/* End XCBuildConfiguration section */

/* Begin XCConfigurationList section */
		550E3E032343A1C900CED1CB /* Build configuration list for PBXProject "PersistenceLab" */ = {
			isa = XCConfigurationList;
			buildConfigurations = (
				550E3E2E2343A1CB00CED1CB /* Debug */,
				550E3E2F2343A1CB00CED1CB /* Release */,
			);
			defaultConfigurationIsVisible = 0;
			defaultConfigurationName = Release;
		};
		550E3E302343A1CB00CED1CB /* Build configuration list for PBXNativeTarget "PersistenceLab" */ = {
			isa = XCConfigurationList;
			buildConfigurations = (
				550E3E312343A1CB00CED1CB /* Debug */,
				550E3E322343A1CB00CED1CB /* Release */,
			);
			defaultConfigurationIsVisible = 0;
			defaultConfigurationName = Release;
		};
		550E3E332343A1CB00CED1CB /* Build configuration list for PBXNativeTarget "PersistenceLabTests" */ = {
			isa = XCConfigurationList;
			buildConfigurations = (
				550E3E342343A1CB00CED1CB /* Debug */,
				550E3E352343A1CB00CED1CB /* Release */,
			);
			defaultConfigurationIsVisible = 0;
			defaultConfigurationName = Release;
		};
		550E3E362343A1CB00CED1CB /* Build configuration list for PBXNativeTarget "PersistenceLabUITests" */ = {
			isa = XCConfigurationList;
			buildConfigurations = (
				550E3E372343A1CB00CED1CB /* Debug */,
				550E3E382343A1CB00CED1CB /* Release */,
			);
			defaultConfigurationIsVisible = 0;
			defaultConfigurationName = Release;
		};
/* End XCConfigurationList section */
	};
	rootObject = 550E3E002343A1C900CED1CB /* Project object */;
}
